
Microsoft Visual Studio Solution File, Format Version 12.00
# Visual Studio 15
VisualStudioVersion = 15.0.28307.960
MinimumVisualStudioVersion = 10.0.40219.1
Project("{FAE04EC0-301F-11D3-BF4B-00C04F79EFBC}") = "TrophyRoomv1", "TrophyRoomv1\TrophyRoomv1.csproj", "{DC8C8005-FEEB-42C7-9D2F-27B4386FCBA8}"
EndProject
Global
	GlobalSection(SolutionConfigurationPlatforms) = preSolution
		Debug|Any CPU = Debug|Any CPU
		Release|Any CPU = Release|Any CPU
	EndGlobalSection
	GlobalSection(ProjectConfigurationPlatforms) = postSolution
		{DC8C8005-FEEB-42C7-9D2F-27B4386FCBA8}.Debug|Any CPU.ActiveCfg = Debug|Any CPU
		{DC8C8005-FEEB-42C7-9D2F-27B4386FCBA8}.Debug|Any CPU.Build.0 = Debug|Any CPU
		{DC8C8005-FEEB-42C7-9D2F-27B4386FCBA8}.Release|Any CPU.ActiveCfg = Release|Any CPU
		{DC8C8005-FEEB-42C7-9D2F-27B4386FCBA8}.Release|Any CPU.Build.0 = Release|Any CPU
	EndGlobalSection
	GlobalSection(SolutionProperties) = preSolution
		HideSolutionNode = FALSE
	EndGlobalSection
	GlobalSection(ExtensibilityGlobals) = postSolution
		SolutionGuid = {CBE9D227-FDC4-4D6B-8116-D5EC52304B24}
	EndGlobalSection
EndGlobal
